
Microsoft Visual Studio Solution File, Format Version 12.00
Project("{FAE04EC0-301F-11D3-BF4B-00C04F79EFBC}") = "AutoPriorities", "AutoPriorities\AutoPriorities.csproj", "{F2A88E78-D16D-4771-8BAA-97A15D606A66}"
EndProject
Project("{FAE04EC0-301F-11D3-BF4B-00C04F79EFBC}") = "Tests", "Tests\Tests.csproj", "{68A151F2-115B-4E45-A76B-013110677DBC}"
EndProject
Global
	GlobalSection(SolutionConfigurationPlatforms) = preSolution
		Debug|Any CPU = Debug|Any CPU
		Release|Any CPU = Release|Any CPU
	EndGlobalSection
	GlobalSection(ProjectConfigurationPlatforms) = postSolution
		{F2A88E78-D16D-4771-8BAA-97A15D606A66}.Debug|Any CPU.ActiveCfg = Debug|Any CPU
		{F2A88E78-D16D-4771-8BAA-97A15D606A66}.Debug|Any CPU.Build.0 = Debug|Any CPU
		{F2A88E78-D16D-4771-8BAA-97A15D606A66}.Release|Any CPU.ActiveCfg = Release|Any CPU
		{F2A88E78-D16D-4771-8BAA-97A15D606A66}.Release|Any CPU.Build.0 = Release|Any CPU
		{68A151F2-115B-4E45-A76B-013110677DBC}.Debug|Any CPU.ActiveCfg = Debug|Any CPU
		{68A151F2-115B-4E45-A76B-013110677DBC}.Debug|Any CPU.Build.0 = Debug|Any CPU
		{68A151F2-115B-4E45-A76B-013110677DBC}.Release|Any CPU.ActiveCfg = Release|Any CPU
		{68A151F2-115B-4E45-A76B-013110677DBC}.Release|Any CPU.Build.0 = Release|Any CPU
	EndGlobalSection
EndGlobal
